
Microsoft Visual Studio Solution File, Format Version 12.00
# Visual Studio 15
VisualStudioVersion = 15.0.28010.2041
MinimumVisualStudioVersion = 10.0.40219.1
Project("{FAE04EC0-301F-11D3-BF4B-00C04F79EFBC}") = "KendoGridClientSideTest", "KendoGridClientSideTest\KendoGridClientSideTest.csproj", "{95298AA7-D68B-4DEE-8346-A46B365FFC64}"
EndProject
Global
	GlobalSection(SolutionConfigurationPlatforms) = preSolution
		Debug|Any CPU = Debug|Any CPU
		Release|Any CPU = Release|Any CPU
	EndGlobalSection
	GlobalSection(ProjectConfigurationPlatforms) = postSolution
		{95298AA7-D68B-4DEE-8346-A46B365FFC64}.Debug|Any CPU.ActiveCfg = Debug|Any CPU
		{95298AA7-D68B-4DEE-8346-A46B365FFC64}.Debug|Any CPU.Build.0 = Debug|Any CPU
		{95298AA7-D68B-4DEE-8346-A46B365FFC64}.Release|Any CPU.ActiveCfg = Release|Any CPU
		{95298AA7-D68B-4DEE-8346-A46B365FFC64}.Release|Any CPU.Build.0 = Release|Any CPU
	EndGlobalSection
	GlobalSection(SolutionProperties) = preSolution
		HideSolutionNode = FALSE
	EndGlobalSection
	GlobalSection(ExtensibilityGlobals) = postSolution
		SolutionGuid = {F1FFAB3D-87CF-4F36-8696-5356D49465C7}
	EndGlobalSection
EndGlobal
